// !$*UTF8*$!
{
	archiveVersion = 1;
	classes = {
	};
	objectVersion = 55;
	objects = {

/* Begin PBXBuildFile section */
		1C77A8692875E08300C35CA8 /* User.swift in Sources */ = {isa = PBXBuildFile; fileRef = 1C77A8682875E08300C35CA8 /* User.swift */; };
		1C77A86B2875E25E00C35CA8 /* UserInfoViewController.swift in Sources */ = {isa = PBXBuildFile; fileRef = 1C77A86A2875E25E00C35CA8 /* UserInfoViewController.swift */; };
		A97810362874C1E900A5895D /* AppDelegate.swift in Sources */ = {isa = PBXBuildFile; fileRef = A97810352874C1E900A5895D /* AppDelegate.swift */; };
		A97810382874C1E900A5895D /* SceneDelegate.swift in Sources */ = {isa = PBXBuildFile; fileRef = A97810372874C1E900A5895D /* SceneDelegate.swift */; };
		A978103A2874C1E900A5895D /* LoginViewController.swift in Sources */ = {isa = PBXBuildFile; fileRef = A97810392874C1E900A5895D /* LoginViewController.swift */; };
		A978103D2874C1E900A5895D /* Main.storyboard in Resources */ = {isa = PBXBuildFile; fileRef = A978103B2874C1E900A5895D /* Main.storyboard */; };
		A978103F2874C1ED00A5895D /* Assets.xcassets in Resources */ = {isa = PBXBuildFile; fileRef = A978103E2874C1ED00A5895D /* Assets.xcassets */; };
		A97810422874C1ED00A5895D /* LaunchScreen.storyboard in Resources */ = {isa = PBXBuildFile; fileRef = A97810402874C1ED00A5895D /* LaunchScreen.storyboard */; };
		A978104A2874FA9300A5895D /* GreetingsViewController.swift in Sources */ = {isa = PBXBuildFile; fileRef = A97810492874FA9300A5895D /* GreetingsViewController.swift */; };
/* End PBXBuildFile section */

/* Begin PBXFileReference section */
		1C77A8682875E08300C35CA8 /* User.swift */ = {isa = PBXFileReference; lastKnownFileType = sourcecode.swift; path = User.swift; sourceTree = "<group>"; };
		1C77A86A2875E25E00C35CA8 /* UserInfoViewController.swift */ = {isa = PBXFileReference; lastKnownFileType = sourcecode.swift; path = UserInfoViewController.swift; sourceTree = "<group>"; };
		A97810322874C1E900A5895D /* LoginViewController.app */ = {isa = PBXFileReference; explicitFileType = wrapper.application; includeInIndex = 0; path = LoginViewController.app; sourceTree = BUILT_PRODUCTS_DIR; };
		A97810352874C1E900A5895D /* AppDelegate.swift */ = {isa = PBXFileReference; lastKnownFileType = sourcecode.swift; path = AppDelegate.swift; sourceTree = "<group>"; };
		A97810372874C1E900A5895D /* SceneDelegate.swift */ = {isa = PBXFileReference; lastKnownFileType = sourcecode.swift; path = SceneDelegate.swift; sourceTree = "<group>"; };
		A97810392874C1E900A5895D /* LoginViewController.swift */ = {isa = PBXFileReference; lastKnownFileType = sourcecode.swift; path = LoginViewController.swift; sourceTree = "<group>"; };
		A978103C2874C1E900A5895D /* Base */ = {isa = PBXFileReference; lastKnownFileType = file.storyboard; name = Base; path = Base.lproj/Main.storyboard; sourceTree = "<group>"; };
		A978103E2874C1ED00A5895D /* Assets.xcassets */ = {isa = PBXFileReference; lastKnownFileType = folder.assetcatalog; path = Assets.xcassets; sourceTree = "<group>"; };
		A97810412874C1ED00A5895D /* Base */ = {isa = PBXFileReference; lastKnownFileType = file.storyboard; name = Base; path = Base.lproj/LaunchScreen.storyboard; sourceTree = "<group>"; };
		A97810432874C1ED00A5895D /* Info.plist */ = {isa = PBXFileReference; lastKnownFileType = text.plist.xml; path = Info.plist; sourceTree = "<group>"; };
		A97810492874FA9300A5895D /* GreetingsViewController.swift */ = {isa = PBXFileReference; lastKnownFileType = sourcecode.swift; path = GreetingsViewController.swift; sourceTree = "<group>"; };
/* End PBXFileReference section */

/* Begin PBXFrameworksBuildPhase section */
		A978102F2874C1E900A5895D /* Frameworks */ = {
			isa = PBXFrameworksBuildPhase;
			buildActionMask = 2147483647;
			files = (
			);
			runOnlyForDeploymentPostprocessing = 0;
		};
/* End PBXFrameworksBuildPhase section */

/* Begin PBXGroup section */
		1C77A8632875E00600C35CA8 /* ViewController */ = {
			isa = PBXGroup;
			children = (
				A97810392874C1E900A5895D /* LoginViewController.swift */,
				A97810492874FA9300A5895D /* GreetingsViewController.swift */,
				1C77A86A2875E25E00C35CA8 /* UserInfoViewController.swift */,
			);
			path = ViewController;
			sourceTree = "<group>";
		};
		1C77A8642875E02B00C35CA8 /* Models */ = {
			isa = PBXGroup;
			children = (
				1C77A8682875E08300C35CA8 /* User.swift */,
			);
			path = Models;
			sourceTree = "<group>";
		};
		1C77A8652875E04300C35CA8 /* Storyboards */ = {
			isa = PBXGroup;
			children = (
				A978103B2874C1E900A5895D /* Main.storyboard */,
				A97810402874C1ED00A5895D /* LaunchScreen.storyboard */,
			);
			path = Storyboards;
			sourceTree = "<group>";
		};
		1C77A8662875E05700C35CA8 /* SupportingFiles */ = {
			isa = PBXGroup;
			children = (
				A97810372874C1E900A5895D /* SceneDelegate.swift */,
				A97810352874C1E900A5895D /* AppDelegate.swift */,
				A97810432874C1ED00A5895D /* Info.plist */,
			);
			path = SupportingFiles;
			sourceTree = "<group>";
		};
		1C77A8672875E06F00C35CA8 /* Resources */ = {
			isa = PBXGroup;
			children = (
				A978103E2874C1ED00A5895D /* Assets.xcassets */,
			);
			path = Resources;
			sourceTree = "<group>";
		};
		A97810292874C1E900A5895D = {
			isa = PBXGroup;
			children = (
				A97810342874C1E900A5895D /* LoginViewController */,
				A97810332874C1E900A5895D /* Products */,
			);
			sourceTree = "<group>";
		};
		A97810332874C1E900A5895D /* Products */ = {
			isa = PBXGroup;
			children = (
				A97810322874C1E900A5895D /* LoginViewController.app */,
			);
			name = Products;
			sourceTree = "<group>";
		};
		A97810342874C1E900A5895D /* LoginViewController */ = {
			isa = PBXGroup;
			children = (
				1C77A8632875E00600C35CA8 /* ViewController */,
				1C77A8642875E02B00C35CA8 /* Models */,
				1C77A8652875E04300C35CA8 /* Storyboards */,
				1C77A8662875E05700C35CA8 /* SupportingFiles */,
				1C77A8672875E06F00C35CA8 /* Resources */,
			);
			path = LoginViewController;
			sourceTree = "<group>";
		};
/* End PBXGroup section */

/* Begin PBXNativeTarget section */
		A97810312874C1E900A5895D /* LoginViewController */ = {
			isa = PBXNativeTarget;
			buildConfigurationList = A97810462874C1ED00A5895D /* Build configuration list for PBXNativeTarget "LoginViewController" */;
			buildPhases = (
				A978102E2874C1E900A5895D /* Sources */,
				A978102F2874C1E900A5895D /* Frameworks */,
				A97810302874C1E900A5895D /* Resources */,
			);
			buildRules = (
			);
			dependencies = (
			);
			name = LoginViewController;
			productName = LoginViewController;
			productReference = A97810322874C1E900A5895D /* LoginViewController.app */;
			productType = "com.apple.product-type.application";
		};
/* End PBXNativeTarget section */

/* Begin PBXProject section */
		A978102A2874C1E900A5895D /* Project object */ = {
			isa = PBXProject;
			attributes = {
				BuildIndependentTargetsInParallel = 1;
				LastSwiftUpdateCheck = 1340;
				LastUpgradeCheck = 1340;
				TargetAttributes = {
					A97810312874C1E900A5895D = {
						CreatedOnToolsVersion = 13.4.1;
					};
				};
			};
			buildConfigurationList = A978102D2874C1E900A5895D /* Build configuration list for PBXProject "LoginViewController" */;
			compatibilityVersion = "Xcode 13.0";
			developmentRegion = en;
			hasScannedForEncodings = 0;
			knownRegions = (
				en,
				Base,
			);
			mainGroup = A97810292874C1E900A5895D;
			productRefGroup = A97810332874C1E900A5895D /* Products */;
			projectDirPath = "";
			projectRoot = "";
			targets = (
				A97810312874C1E900A5895D /* LoginViewController */,
			);
		};
/* End PBXProject section */

/* Begin PBXResourcesBuildPhase section */
		A97810302874C1E900A5895D /* Resources */ = {
			isa = PBXResourcesBuildPhase;
			buildActionMask = 2147483647;
			files = (
				A97810422874C1ED00A5895D /* LaunchScreen.storyboard in Resources */,
				A978103F2874C1ED00A5895D /* Assets.xcassets in Resources */,
				A978103D2874C1E900A5895D /* Main.storyboard in Resources */,
			);
			runOnlyForDeploymentPostprocessing = 0;
		};
/* End PBXResourcesBuildPhase section */

/* Begin PBXSourcesBuildPhase section */
		A978102E2874C1E900A5895D /* Sources */ = {
			isa = PBXSourcesBuildPhase;
			buildActionMask = 2147483647;
			files = (
				A978103A2874C1E900A5895D /* LoginViewController.swift in Sources */,
				1C77A86B2875E25E00C35CA8 /* UserInfoViewController.swift in Sources */,
				A97810362874C1E900A5895D /* AppDelegate.swift in Sources */,
				A97810382874C1E900A5895D /* SceneDelegate.swift in Sources */,
				1C77A8692875E08300C35CA8 /* User.swift in Sources */,
				A978104A2874FA9300A5895D /* GreetingsViewController.swift in Sources */,
			);
			runOnlyForDeploymentPostprocessing = 0;
		};
/* End PBXSourcesBuildPhase section */

/* Begin PBXVariantGroup section */
		A978103B2874C1E900A5895D /* Main.storyboard */ = {
			isa = PBXVariantGroup;
			children = (
				A978103C2874C1E900A5895D /* Base */,
			);
			name = Main.storyboard;
			sourceTree = "<group>";
		};
		A97810402874C1ED00A5895D /* LaunchScreen.storyboard */ = {
			isa = PBXVariantGroup;
			children = (
				A97810412874C1ED00A5895D /* Base */,
			);
			name = LaunchScreen.storyboard;
			sourceTree = "<group>";
		};
/* End PBXVariantGroup section */

/* Begin XCBuildConfiguration section */
		A97810442874C1ED00A5895D /* Debug */ = {
			isa = XCBuildConfiguration;
			buildSettings = {
				ALWAYS_SEARCH_USER_PATHS = NO;
				CLANG_ANALYZER_NONNULL = YES;
				CLANG_ANALYZER_NUMBER_OBJECT_CONVERSION = YES_AGGRESSIVE;
				CLANG_CXX_LANGUAGE_STANDARD = "gnu++17";
				CLANG_ENABLE_MODULES = YES;
				CLANG_ENABLE_OBJC_ARC = YES;
				CLANG_ENABLE_OBJC_WEAK = YES;
				CLANG_WARN_BLOCK_CAPTURE_AUTORELEASING = YES;
				CLANG_WARN_BOOL_CONVERSION = YES;
				CLANG_WARN_COMMA = YES;
				CLANG_WARN_CONSTANT_CONVERSION = YES;
				CLANG_WARN_DEPRECATED_OBJC_IMPLEMENTATIONS = YES;
				CLANG_WARN_DIRECT_OBJC_ISA_USAGE = YES_ERROR;
				CLANG_WARN_DOCUMENTATION_COMMENTS = YES;
				CLANG_WARN_EMPTY_BODY = YES;
				CLANG_WARN_ENUM_CONVERSION = YES;
				CLANG_WARN_INFINITE_RECURSION = YES;
				CLANG_WARN_INT_CONVERSION = YES;
				CLANG_WARN_NON_LITERAL_NULL_CONVERSION = YES;
				CLANG_WARN_OBJC_IMPLICIT_RETAIN_SELF = YES;
				CLANG_WARN_OBJC_LITERAL_CONVERSION = YES;
				CLANG_WARN_OBJC_ROOT_CLASS = YES_ERROR;
				CLANG_WARN_QUOTED_INCLUDE_IN_FRAMEWORK_HEADER = YES;
				CLANG_WARN_RANGE_LOOP_ANALYSIS = YES;
				CLANG_WARN_STRICT_PROTOTYPES = YES;
				CLANG_WARN_SUSPICIOUS_MOVE = YES;
				CLANG_WARN_UNGUARDED_AVAILABILITY = YES_AGGRESSIVE;
				CLANG_WARN_UNREACHABLE_CODE = YES;
				CLANG_WARN__DUPLICATE_METHOD_MATCH = YES;
				COPY_PHASE_STRIP = NO;
				DEBUG_INFORMATION_FORMAT = dwarf;
				ENABLE_STRICT_OBJC_MSGSEND = YES;
				ENABLE_TESTABILITY = YES;
				GCC_C_LANGUAGE_STANDARD = gnu11;
				GCC_DYNAMIC_NO_PIC = NO;
				GCC_NO_COMMON_BLOCKS = YES;
				GCC_OPTIMIZATION_LEVEL = 0;
				GCC_PREPROCESSOR_DEFINITIONS = (
					"DEBUG=1",
					"$(inherited)",
				);
				GCC_WARN_64_TO_32_BIT_CONVERSION = YES;
				GCC_WARN_ABOUT_RETURN_TYPE = YES_ERROR;
				GCC_WARN_UNDECLARED_SELECTOR = YES;
				GCC_WARN_UNINITIALIZED_AUTOS = YES_AGGRESSIVE;
				GCC_WARN_UNUSED_FUNCTION = YES;
				GCC_WARN_UNUSED_VARIABLE = YES;
				IPHONEOS_DEPLOYMENT_TARGET = 15.5;
				MTL_ENABLE_DEBUG_INFO = INCLUDE_SOURCE;
				MTL_FAST_MATH = YES;
				ONLY_ACTIVE_ARCH = YES;
				SDKROOT = iphoneos;
				SWIFT_ACTIVE_COMPILATION_CONDITIONS = DEBUG;
				SWIFT_OPTIMIZATION_LEVEL = "-Onone";
			};
			name = Debug;
		};
		A97810452874C1ED00A5895D /* Release */ = {
			isa = XCBuildConfiguration;
			buildSettings = {
				ALWAYS_SEARCH_USER_PATHS = NO;
				CLANG_ANALYZER_NONNULL = YES;
				CLANG_ANALYZER_NUMBER_OBJECT_CONVERSION = YES_AGGRESSIVE;
				CLANG_CXX_LANGUAGE_STANDARD = "gnu++17";
				CLANG_ENABLE_MODULES = YES;
				CLANG_ENABLE_OBJC_ARC = YES;
				CLANG_ENABLE_OBJC_WEAK = YES;
				CLANG_WARN_BLOCK_CAPTURE_AUTORELEASING = YES;
				CLANG_WARN_BOOL_CONVERSION = YES;
				CLANG_WARN_COMMA = YES;
				CLANG_WARN_CONSTANT_CONVERSION = YES;
				CLANG_WARN_DEPRECATED_OBJC_IMPLEMENTATIONS = YES;
				CLANG_WARN_DIRECT_OBJC_ISA_USAGE = YES_ERROR;
				CLANG_WARN_DOCUMENTATION_COMMENTS = YES;
				CLANG_WARN_EMPTY_BODY = YES;
				CLANG_WARN_ENUM_CONVERSION = YES;
				CLANG_WARN_INFINITE_RECURSION = YES;
				CLANG_WARN_INT_CONVERSION = YES;
				CLANG_WARN_NON_LITERAL_NULL_CONVERSION = YES;
				CLANG_WARN_OBJC_IMPLICIT_RETAIN_SELF = YES;
				CLANG_WARN_OBJC_LITERAL_CONVERSION = YES;
				CLANG_WARN_OBJC_ROOT_CLASS = YES_ERROR;
				CLANG_WARN_QUOTED_INCLUDE_IN_FRAMEWORK_HEADER = YES;
				CLANG_WARN_RANGE_LOOP_ANALYSIS = YES;
				CLANG_WARN_STRICT_PROTOTYPES = YES;
				CLANG_WARN_SUSPICIOUS_MOVE = YES;
				CLANG_WARN_UNGUARDED_AVAILABILITY = YES_AGGRESSIVE;
				CLANG_WARN_UNREACHABLE_CODE = YES;
				CLANG_WARN__DUPLICATE_METHOD_MATCH = YES;
				COPY_PHASE_STRIP = NO;
				DEBUG_INFORMATION_FORMAT = "dwarf-with-dsym";
				ENABLE_NS_ASSERTIONS = NO;
				ENABLE_STRICT_OBJC_MSGSEND = YES;
				GCC_C_LANGUAGE_STANDARD = gnu11;
				GCC_NO_COMMON_BLOCKS = YES;
				GCC_WARN_64_TO_32_BIT_CONVERSION = YES;
				GCC_WARN_ABOUT_RETURN_TYPE = YES_ERROR;
				GCC_WARN_UNDECLARED_SELECTOR = YES;
				GCC_WARN_UNINITIALIZED_AUTOS = YES_AGGRESSIVE;
				GCC_WARN_UNUSED_FUNCTION = YES;
				GCC_WARN_UNUSED_VARIABLE = YES;
				IPHONEOS_DEPLOYMENT_TARGET = 15.5;
				MTL_ENABLE_DEBUG_INFO = NO;
				MTL_FAST_MATH = YES;
				SDKROOT = iphoneos;
				SWIFT_COMPILATION_MODE = wholemodule;
				SWIFT_OPTIMIZATION_LEVEL = "-O";
				VALIDATE_PRODUCT = YES;
			};
			name = Release;
		};
		A97810472874C1ED00A5895D /* Debug */ = {
			isa = XCBuildConfiguration;
			buildSettings = {
				ASSETCATALOG_COMPILER_APPICON_NAME = AppIcon;
				ASSETCATALOG_COMPILER_GLOBAL_ACCENT_COLOR_NAME = AccentColor;
				CODE_SIGN_STYLE = Automatic;
				CURRENT_PROJECT_VERSION = 1;
				DEVELOPMENT_TEAM = RH2JQ4SEHV;
				GENERATE_INFOPLIST_FILE = YES;
				INFOPLIST_FILE = LoginViewController/SupportingFiles/Info.plist;
				INFOPLIST_KEY_UIApplicationSupportsIndirectInputEvents = YES;
				INFOPLIST_KEY_UILaunchStoryboardName = LaunchScreen;
				INFOPLIST_KEY_UIMainStoryboardFile = Main;
				INFOPLIST_KEY_UISupportedInterfaceOrientations = UIInterfaceOrientationPortrait;
				INFOPLIST_KEY_UISupportedInterfaceOrientations_iPad = "UIInterfaceOrientationPortrait UIInterfaceOrientationPortraitUpsideDown UIInterfaceOrientationLandscapeLeft UIInterfaceOrientationLandscapeRight";
				INFOPLIST_KEY_UISupportedInterfaceOrientations_iPhone = "UIInterfaceOrientationPortrait UIInterfaceOrientationLandscapeLeft UIInterfaceOrientationLandscapeRight";
				LD_RUNPATH_SEARCH_PATHS = (
					"$(inherited)",
					"@executable_path/Frameworks",
				);
				MARKETING_VERSION = 1.0;
				PRODUCT_BUNDLE_IDENTIFIER = ru.itmisko.LoginViewController;
				PRODUCT_NAME = "$(TARGET_NAME)";
				SWIFT_EMIT_LOC_STRINGS = YES;
				SWIFT_VERSION = 5.0;
				TARGETED_DEVICE_FAMILY = 1;
			};
			name = Debug;
		};
		A97810482874C1ED00A5895D /* Release */ = {
			isa = XCBuildConfiguration;
			buildSettings = {
				ASSETCATALOG_COMPILER_APPICON_NAME = AppIcon;
				ASSETCATALOG_COMPILER_GLOBAL_ACCENT_COLOR_NAME = AccentColor;
				CODE_SIGN_STYLE = Automatic;
				CURRENT_PROJECT_VERSION = 1;
				DEVELOPMENT_TEAM = RH2JQ4SEHV;
				GENERATE_INFOPLIST_FILE = YES;
				INFOPLIST_FILE = LoginViewController/SupportingFiles/Info.plist;
				INFOPLIST_KEY_UIApplicationSupportsIndirectInputEvents = YES;
				INFOPLIST_KEY_UILaunchStoryboardName = LaunchScreen;
				INFOPLIST_KEY_UIMainStoryboardFile = Main;
				INFOPLIST_KEY_UISupportedInterfaceOrientations = UIInterfaceOrientationPortrait;
				INFOPLIST_KEY_UISupportedInterfaceOrientations_iPad = "UIInterfaceOrientationPortrait UIInterfaceOrientationPortraitUpsideDown UIInterfaceOrientationLandscapeLeft UIInterfaceOrientationLandscapeRight";
				INFOPLIST_KEY_UISupportedInterfaceOrientations_iPhone = "UIInterfaceOrientationPortrait UIInterfaceOrientationLandscapeLeft UIInterfaceOrientationLandscapeRight";
				LD_RUNPATH_SEARCH_PATHS = (
					"$(inherited)",
					"@executable_path/Frameworks",
				);
				MARKETING_VERSION = 1.0;
				PRODUCT_BUNDLE_IDENTIFIER = ru.itmisko.LoginViewController;
				PRODUCT_NAME = "$(TARGET_NAME)";
				SWIFT_EMIT_LOC_STRINGS = YES;
				SWIFT_VERSION = 5.0;
				TARGETED_DEVICE_FAMILY = 1;
			};
			name = Release;
		};
/* End XCBuildConfiguration section */

/* Begin XCConfigurationList section */
		A978102D2874C1E900A5895D /* Build configuration list for PBXProject "LoginViewController" */ = {
			isa = XCConfigurationList;
			buildConfigurations = (
				A97810442874C1ED00A5895D /* Debug */,
				A97810452874C1ED00A5895D /* Release */,
			);
			defaultConfigurationIsVisible = 0;
			defaultConfigurationName = Release;
		};
		A97810462874C1ED00A5895D /* Build configuration list for PBXNativeTarget "LoginViewController" */ = {
			isa = XCConfigurationList;
			buildConfigurations = (
				A97810472874C1ED00A5895D /* Debug */,
				A97810482874C1ED00A5895D /* Release */,
			);
			defaultConfigurationIsVisible = 0;
			defaultConfigurationName = Release;
		};
/* End XCConfigurationList section */
	};
	rootObject = A978102A2874C1E900A5895D /* Project object */;
}
